
Microsoft Visual Studio Solution File, Format Version 12.00
# Visual Studio Version 17
VisualStudioVersion = 17.8.34309.116
MinimumVisualStudioVersion = 10.0.40219.1
Project("{FAE04EC0-301F-11D3-BF4B-00C04F79EFBC}") = "Bot_Telegram_Ver3", "Bot_Telegram_Ver3\Bot_Telegram_Ver3.csproj", "{2538FA13-C6F4-46B0-B322-DCE6FC7E5C04}"
EndProject
Global
	GlobalSection(SolutionConfigurationPlatforms) = preSolution
		Debug|Any CPU = Debug|Any CPU
		Release|Any CPU = Release|Any CPU
	EndGlobalSection
	GlobalSection(ProjectConfigurationPlatforms) = postSolution
		{2538FA13-C6F4-46B0-B322-DCE6FC7E5C04}.Debug|Any CPU.ActiveCfg = Debug|Any CPU
		{2538FA13-C6F4-46B0-B322-DCE6FC7E5C04}.Debug|Any CPU.Build.0 = Debug|Any CPU
		{2538FA13-C6F4-46B0-B322-DCE6FC7E5C04}.Release|Any CPU.ActiveCfg = Release|Any CPU
		{2538FA13-C6F4-46B0-B322-DCE6FC7E5C04}.Release|Any CPU.Build.0 = Release|Any CPU
	EndGlobalSection
	GlobalSection(SolutionProperties) = preSolution
		HideSolutionNode = FALSE
	EndGlobalSection
	GlobalSection(ExtensibilityGlobals) = postSolution
		SolutionGuid = {D4525871-F4A9-40DA-A4E7-C29163299C7A}
	EndGlobalSection
EndGlobal
